lockfileVersion: '6.0'

settings:
  autoInstallPeers: true
  excludeLinksFromLockfile: false

dependencies:
  nodemailer:
    specifier: ^6.9.9
    version: 6.9.9

packages:

  /nodemailer@6.9.9:
    resolution: {integrity: sha512-dexTll8zqQoVJEZPwQAKzxxtFn0qTnjdQTchoU6Re9BUUGBJiOy3YMn/0ShTW6J5M0dfQ1NeDeRTTl4oIWgQMA==}
    engines: {node: '>=6.0.0'}
    dev: false
